// !$*UTF8*$!
{
	archiveVersion = 1;
	classes = {
	};
	objectVersion = 46;
	objects = {

/* Begin PBXBuildFile section */
		A40191731DB863580047B5D2 /* AppDelegate.swift in Sources */ = {isa = PBXBuildFile; fileRef = A40191721DB863580047B5D2 /* AppDelegate.swift */; };
		A40191751DB863580047B5D2 /* ViewController.swift in Sources */ = {isa = PBXBuildFile; fileRef = A40191741DB863580047B5D2 /* ViewController.swift */; };
		A40191781DB863580047B5D2 /* Main.storyboard in Resources */ = {isa = PBXBuildFile; fileRef = A40191761DB863580047B5D2 /* Main.storyboard */; };
		A401917A1DB863580047B5D2 /* Assets.xcassets in Resources */ = {isa = PBXBuildFile; fileRef = A40191791DB863580047B5D2 /* Assets.xcassets */; };
		A401917D1DB863580047B5D2 /* LaunchScreen.storyboard in Resources */ = {isa = PBXBuildFile; fileRef = A401917B1DB863580047B5D2 /* LaunchScreen.storyboard */; };
		A40191851DB863C80047B5D2 /* GradientView.swift in Sources */ = {isa = PBXBuildFile; fileRef = A40191841DB863C80047B5D2 /* GradientView.swift */; };
/* End PBXBuildFile section */

/* Begin PBXFileReference section */
		A401916F1DB863580047B5D2 /* DrawingGradientsCoreGraphics.app */ = {isa = PBXFileReference; explicitFileType = wrapper.application; includeInIndex = 0; path = DrawingGradientsCoreGraphics.app; sourceTree = BUILT_PRODUCTS_DIR; };
		A40191721DB863580047B5D2 /* AppDelegate.swift */ = {isa = PBXFileReference; lastKnownFileType = sourcecode.swift; path = AppDelegate.swift; sourceTree = "<group>"; };
		A40191741DB863580047B5D2 /* ViewController.swift */ = {isa = PBXFileReference; lastKnownFileType = sourcecode.swift; path = ViewController.swift; sourceTree = "<group>"; };
		A40191771DB863580047B5D2 /* Base */ = {isa = PBXFileReference; lastKnownFileType = file.storyboard; name = Base; path = Base.lproj/Main.storyboard; sourceTree = "<group>"; };
		A40191791DB863580047B5D2 /* Assets.xcassets */ = {isa = PBXFileReference; lastKnownFileType = folder.assetcatalog; path = Assets.xcassets; sourceTree = "<group>"; };
		A401917C1DB863580047B5D2 /* Base */ = {isa = PBXFileReference; lastKnownFileType = file.storyboard; name = Base; path = Base.lproj/LaunchScreen.storyboard; sourceTree = "<group>"; };
		A401917E1DB863580047B5D2 /* Info.plist */ = {isa = PBXFileReference; lastKnownFileType = text.plist.xml; path = Info.plist; sourceTree = "<group>"; };
		A40191841DB863C80047B5D2 /* GradientView.swift */ = {isa = PBXFileReference; fileEncoding = 4; lastKnownFileType = sourcecode.swift; path = GradientView.swift; sourceTree = "<group>"; };
/* End PBXFileReference section */

/* Begin PBXFrameworksBuildPhase section */
		A401916C1DB863570047B5D2 /* Frameworks */ = {
			isa = PBXFrameworksBuildPhase;
			buildActionMask = 2147483647;
			files = (
			);
			runOnlyForDeploymentPostprocessing = 0;
		};
/* End PBXFrameworksBuildPhase section */

/* Begin PBXGroup section */
		A40191661DB863560047B5D2 = {
			isa = PBXGroup;
			children = (
				A40191711DB863580047B5D2 /* DrawingGradientsCoreGraphics */,
				A40191701DB863580047B5D2 /* Products */,
			);
			sourceTree = "<group>";
		};
		A40191701DB863580047B5D2 /* Products */ = {
			isa = PBXGroup;
			children = (
				A401916F1DB863580047B5D2 /* DrawingGradientsCoreGraphics.app */,
			);
			name = Products;
			sourceTree = "<group>";
		};
		A40191711DB863580047B5D2 /* DrawingGradientsCoreGraphics */ = {
			isa = PBXGroup;
			children = (
				A40191891DB864AA0047B5D2 /* Models */,
				A40191861DB864660047B5D2 /* View */,
				A40191881DB8649D0047B5D2 /* Controller */,
				A40191761DB863580047B5D2 /* Main.storyboard */,
				A40191871DB8648D0047B5D2 /* Supporting Files */,
			);
			path = DrawingGradientsCoreGraphics;
			sourceTree = "<group>";
		};
		A40191861DB864660047B5D2 /* View */ = {
			isa = PBXGroup;
			children = (
				A40191841DB863C80047B5D2 /* GradientView.swift */,
			);
			name = View;
			sourceTree = "<group>";
		};
		A40191871DB8648D0047B5D2 /* Supporting Files */ = {
			isa = PBXGroup;
			children = (
				A40191791DB863580047B5D2 /* Assets.xcassets */,
				A40191721DB863580047B5D2 /* AppDelegate.swift */,
				A401917B1DB863580047B5D2 /* LaunchScreen.storyboard */,
				A401917E1DB863580047B5D2 /* Info.plist */,
			);
			name = "Supporting Files";
			sourceTree = "<group>";
		};
		A40191881DB8649D0047B5D2 /* Controller */ = {
			isa = PBXGroup;
			children = (
				A40191741DB863580047B5D2 /* ViewController.swift */,
			);
			name = Controller;
			sourceTree = "<group>";
		};
		A40191891DB864AA0047B5D2 /* Models */ = {
			isa = PBXGroup;
			children = (
			);
			name = Models;
			sourceTree = "<group>";
		};
/* End PBXGroup section */

/* Begin PBXNativeTarget section */
		A401916E1DB863570047B5D2 /* DrawingGradientsCoreGraphics */ = {
			isa = PBXNativeTarget;
			buildConfigurationList = A40191811DB863580047B5D2 /* Build configuration list for PBXNativeTarget "DrawingGradientsCoreGraphics" */;
			buildPhases = (
				A401916B1DB863570047B5D2 /* Sources */,
				A401916C1DB863570047B5D2 /* Frameworks */,
				A401916D1DB863570047B5D2 /* Resources */,
			);
			buildRules = (
			);
			dependencies = (
			);
			name = DrawingGradientsCoreGraphics;
			productName = DrawingGradientsCoreGraphics;
			productReference = A401916F1DB863580047B5D2 /* DrawingGradientsCoreGraphics.app */;
			productType = "com.apple.product-type.application";
		};
/* End PBXNativeTarget section */

/* Begin PBXProject section */
		A40191671DB863560047B5D2 /* Project object */ = {
			isa = PBXProject;
			attributes = {
				LastSwiftUpdateCheck = 0800;
				LastUpgradeCheck = 0800;
				ORGANIZATIONNAME = "trvl, LLC";
				TargetAttributes = {
					A401916E1DB863570047B5D2 = {
						CreatedOnToolsVersion = 8.0;
						DevelopmentTeam = 7QLQZLZHA6;
						ProvisioningStyle = Automatic;
					};
				};
			};
			buildConfigurationList = A401916A1DB863560047B5D2 /* Build configuration list for PBXProject "DrawingGradientsCoreGraphics" */;
			compatibilityVersion = "Xcode 3.2";
			developmentRegion = English;
			hasScannedForEncodings = 0;
			knownRegions = (
				en,
				Base,
			);
			mainGroup = A40191661DB863560047B5D2;
			productRefGroup = A40191701DB863580047B5D2 /* Products */;
			projectDirPath = "";
			projectRoot = "";
			targets = (
				A401916E1DB863570047B5D2 /* DrawingGradientsCoreGraphics */,
			);
		};
/* End PBXProject section */

/* Begin PBXResourcesBuildPhase section */
		A401916D1DB863570047B5D2 /* Resources */ = {
			isa = PBXResourcesBuildPhase;
			buildActionMask = 2147483647;
			files = (
				A401917D1DB863580047B5D2 /* LaunchScreen.storyboard in Resources */,
				A401917A1DB863580047B5D2 /* Assets.xcassets in Resources */,
				A40191781DB863580047B5D2 /* Main.storyboard in Resources */,
			);
			runOnlyForDeploymentPostprocessing = 0;
		};
/* End PBXResourcesBuildPhase section */

/* Begin PBXSourcesBuildPhase section */
		A401916B1DB863570047B5D2 /* Sources */ = {
			isa = PBXSourcesBuildPhase;
			buildActionMask = 2147483647;
			files = (
				A40191751DB863580047B5D2 /* ViewController.swift in Sources */,
				A40191731DB863580047B5D2 /* AppDelegate.swift in Sources */,
				A40191851DB863C80047B5D2 /* GradientView.swift in Sources */,
			);
			runOnlyForDeploymentPostprocessing = 0;
		};
/* End PBXSourcesBuildPhase section */

/* Begin PBXVariantGroup section */
		A40191761DB863580047B5D2 /* Main.storyboard */ = {
			isa = PBXVariantGroup;
			children = (
				A40191771DB863580047B5D2 /* Base */,
			);
			name = Main.storyboard;
			sourceTree = "<group>";
		};
		A401917B1DB863580047B5D2 /* LaunchScreen.storyboard */ = {
			isa = PBXVariantGroup;
			children = (
				A401917C1DB863580047B5D2 /* Base */,
			);
			name = LaunchScreen.storyboard;
			sourceTree = "<group>";
		};
/* End PBXVariantGroup section */

/* Begin XCBuildConfiguration section */
		A401917F1DB863580047B5D2 /* Debug */ = {
			isa = XCBuildConfiguration;
			buildSettings = {
				ALWAYS_SEARCH_USER_PATHS = NO;
				CLANG_ANALYZER_NONNULL = YES;
				CLANG_CXX_LANGUAGE_STANDARD = "gnu++0x";
				CLANG_CXX_LIBRARY = "libc++";
				CLANG_ENABLE_MODULES = YES;
				CLANG_ENABLE_OBJC_ARC = YES;
				CLANG_WARN_BOOL_CONVERSION = YES;
				CLANG_WARN_CONSTANT_CONVERSION = YES;
				CLANG_WARN_DIRECT_OBJC_ISA_USAGE = YES_ERROR;
				CLANG_WARN_DOCUMENTATION_COMMENTS = YES;
				CLANG_WARN_EMPTY_BODY = YES;
				CLANG_WARN_ENUM_CONVERSION = YES;
				CLANG_WARN_INFINITE_RECURSION = YES;
				CLANG_WARN_INT_CONVERSION = YES;
				CLANG_WARN_OBJC_ROOT_CLASS = YES_ERROR;
				CLANG_WARN_SUSPICIOUS_MOVES = YES;
				CLANG_WARN_UNREACHABLE_CODE = YES;
				CLANG_WARN__DUPLICATE_METHOD_MATCH = YES;
				"CODE_SIGN_IDENTITY[sdk=iphoneos*]" = "iPhone Developer";
				COPY_PHASE_STRIP = NO;
				DEBUG_INFORMATION_FORMAT = dwarf;
				ENABLE_STRICT_OBJC_MSGSEND = YES;
				ENABLE_TESTABILITY = YES;
				GCC_C_LANGUAGE_STANDARD = gnu99;
				GCC_DYNAMIC_NO_PIC = NO;
				GCC_NO_COMMON_BLOCKS = YES;
				GCC_OPTIMIZATION_LEVEL = 0;
				GCC_PREPROCESSOR_DEFINITIONS = (
					"DEBUG=1",
					"$(inherited)",
				);
				GCC_WARN_64_TO_32_BIT_CONVERSION = YES;
				GCC_WARN_ABOUT_RETURN_TYPE = YES_ERROR;
				GCC_WARN_UNDECLARED_SELECTOR = YES;
				GCC_WARN_UNINITIALIZED_AUTOS = YES_AGGRESSIVE;
				GCC_WARN_UNUSED_FUNCTION = YES;
				GCC_WARN_UNUSED_VARIABLE = YES;
				IPHONEOS_DEPLOYMENT_TARGET = 10.0;
				MTL_ENABLE_DEBUG_INFO = YES;
				ONLY_ACTIVE_ARCH = YES;
				SDKROOT = iphoneos;
				SWIFT_ACTIVE_COMPILATION_CONDITIONS = DEBUG;
				SWIFT_OPTIMIZATION_LEVEL = "-Onone";
			};
			name = Debug;
		};
		A40191801DB863580047B5D2 /* Release */ = {
			isa = XCBuildConfiguration;
			buildSettings = {
				ALWAYS_SEARCH_USER_PATHS = NO;
				CLANG_ANALYZER_NONNULL = YES;
				CLANG_CXX_LANGUAGE_STANDARD = "gnu++0x";
				CLANG_CXX_LIBRARY = "libc++";
				CLANG_ENABLE_MODULES = YES;
				CLANG_ENABLE_OBJC_ARC = YES;
				CLANG_WARN_BOOL_CONVERSION = YES;
				CLANG_WARN_CONSTANT_CONVERSION = YES;
				CLANG_WARN_DIRECT_OBJC_ISA_USAGE = YES_ERROR;
				CLANG_WARN_DOCUMENTATION_COMMENTS = YES;
				CLANG_WARN_EMPTY_BODY = YES;
				CLANG_WARN_ENUM_CONVERSION = YES;
				CLANG_WARN_INFINITE_RECURSION = YES;
				CLANG_WARN_INT_CONVERSION = YES;
				CLANG_WARN_OBJC_ROOT_CLASS = YES_ERROR;
				CLANG_WARN_SUSPICIOUS_MOVES = YES;
				CLANG_WARN_UNREACHABLE_CODE = YES;
				CLANG_WARN__DUPLICATE_METHOD_MATCH = YES;
				"CODE_SIGN_IDENTITY[sdk=iphoneos*]" = "iPhone Developer";
				COPY_PHASE_STRIP = NO;
				DEBUG_INFORMATION_FORMAT = "dwarf-with-dsym";
				ENABLE_NS_ASSERTIONS = NO;
				ENABLE_STRICT_OBJC_MSGSEND = YES;
				GCC_C_LANGUAGE_STANDARD = gnu99;
				GCC_NO_COMMON_BLOCKS = YES;
				GCC_WARN_64_TO_32_BIT_CONVERSION = YES;
				GCC_WARN_ABOUT_RETURN_TYPE = YES_ERROR;
				GCC_WARN_UNDECLARED_SELECTOR = YES;
				GCC_WARN_UNINITIALIZED_AUTOS = YES_AGGRESSIVE;
				GCC_WARN_UNUSED_FUNCTION = YES;
				GCC_WARN_UNUSED_VARIABLE = YES;
				IPHONEOS_DEPLOYMENT_TARGET = 10.0;
				MTL_ENABLE_DEBUG_INFO = NO;
				SDKROOT = iphoneos;
				SWIFT_OPTIMIZATION_LEVEL = "-Owholemodule";
				VALIDATE_PRODUCT = YES;
			};
			name = Release;
		};
		A40191821DB863580047B5D2 /* Debug */ = {
			isa = XCBuildConfiguration;
			buildSettings = {
				ASSETCATALOG_COMPILER_APPICON_NAME = AppIcon;
				DEVELOPMENT_TEAM = 7QLQZLZHA6;
				INFOPLIST_FILE = DrawingGradientsCoreGraphics/Info.plist;
				LD_RUNPATH_SEARCH_PATHS = "$(inherited) @executable_path/Frameworks";
				PRODUCT_BUNDLE_IDENTIFIER = com.jsanchezrides.DrawingGradientsCoreGraphics;
				PRODUCT_NAME = "$(TARGET_NAME)";
				SWIFT_VERSION = 3.0;
			};
			name = Debug;
		};
		A40191831DB863580047B5D2 /* Release */ = {
			isa = XCBuildConfiguration;
			buildSettings = {
				ASSETCATALOG_COMPILER_APPICON_NAME = AppIcon;
				DEVELOPMENT_TEAM = 7QLQZLZHA6;
				INFOPLIST_FILE = DrawingGradientsCoreGraphics/Info.plist;
				LD_RUNPATH_SEARCH_PATHS = "$(inherited) @executable_path/Frameworks";
				PRODUCT_BUNDLE_IDENTIFIER = com.jsanchezrides.DrawingGradientsCoreGraphics;
				PRODUCT_NAME = "$(TARGET_NAME)";
				SWIFT_VERSION = 3.0;
			};
			name = Release;
		};
/* End XCBuildConfiguration section */

/* Begin XCConfigurationList section */
		A401916A1DB863560047B5D2 /* Build configuration list for PBXProject "DrawingGradientsCoreGraphics" */ = {
			isa = XCConfigurationList;
			buildConfigurations = (
				A401917F1DB863580047B5D2 /* Debug */,
				A40191801DB863580047B5D2 /* Release */,
			);
			defaultConfigurationIsVisible = 0;
			defaultConfigurationName = Release;
		};
		A40191811DB863580047B5D2 /* Build configuration list for PBXNativeTarget "DrawingGradientsCoreGraphics" */ = {
			isa = XCConfigurationList;
			buildConfigurations = (
				A40191821DB863580047B5D2 /* Debug */,
				A40191831DB863580047B5D2 /* Release */,
			);
			defaultConfigurationIsVisible = 0;
		};
/* End XCConfigurationList section */
	};
	rootObject = A40191671DB863560047B5D2 /* Project object */;
}
